
Microsoft Visual Studio Solution File, Format Version 12.00
# Visual Studio Version 16
VisualStudioVersion = 16.0.29519.87
MinimumVisualStudioVersion = 10.0.40219.1
Project("{FAE04EC0-301F-11D3-BF4B-00C04F79EFBC}") = "Facturacion_Base_De_Datos", "Facturacion_Base_De_Datos.csproj", "{3FE0B3E7-4291-4635-A9CF-5235991B2D90}"
EndProject
Project("{FAE04EC0-301F-11D3-BF4B-00C04F79EFBC}") = "DBConnection", "DBConnection\DBConnection.csproj", "{3DEDA206-871A-4A91-8061-5E66F33C1F7F}"
EndProject
Global
	GlobalSection(SolutionConfigurationPlatforms) = preSolution
		Debug|Any CPU = Debug|Any CPU
		Release|Any CPU = Release|Any CPU
	EndGlobalSection
	GlobalSection(ProjectConfigurationPlatforms) = postSolution
		{3FE0B3E7-4291-4635-A9CF-5235991B2D90}.Debug|Any CPU.ActiveCfg = Debug|Any CPU
		{3FE0B3E7-4291-4635-A9CF-5235991B2D90}.Debug|Any CPU.Build.0 = Debug|Any CPU
		{3FE0B3E7-4291-4635-A9CF-5235991B2D90}.Release|Any CPU.ActiveCfg = Release|Any CPU
		{3FE0B3E7-4291-4635-A9CF-5235991B2D90}.Release|Any CPU.Build.0 = Release|Any CPU
		{3DEDA206-871A-4A91-8061-5E66F33C1F7F}.Debug|Any CPU.ActiveCfg = Debug|Any CPU
		{3DEDA206-871A-4A91-8061-5E66F33C1F7F}.Debug|Any CPU.Build.0 = Debug|Any CPU
		{3DEDA206-871A-4A91-8061-5E66F33C1F7F}.Release|Any CPU.ActiveCfg = Release|Any CPU
		{3DEDA206-871A-4A91-8061-5E66F33C1F7F}.Release|Any CPU.Build.0 = Release|Any CPU
	EndGlobalSection
	GlobalSection(SolutionProperties) = preSolution
		HideSolutionNode = FALSE
	EndGlobalSection
	GlobalSection(ExtensibilityGlobals) = postSolution
		SolutionGuid = {A47D30E5-3D3D-4E2C-824B-012DE748D069}
	EndGlobalSection
EndGlobal
